
Microsoft Visual Studio Solution File, Format Version 12.00
# Visual Studio Version 17
VisualStudioVersion = 17.5.33414.496
MinimumVisualStudioVersion = 10.0.40219.1
Project("{9A19103F-16F7-4668-BE54-9A1E7A4F7556}") = "Atomas2", "Atomas2\Atomas2.csproj", "{269F0A40-E6C7-4FBC-84E8-9B47340D2A18}"
EndProject
Project("{FAE04EC0-301F-11D3-BF4B-00C04F79EFBC}") = "SampleSpace", "SampleSpace\SampleSpace.csproj", "{BA55028A-7669-4F52-8BFC-064891AFE6E1}"
EndProject
Global
	GlobalSection(SolutionConfigurationPlatforms) = preSolution
		Debug|Any CPU = Debug|Any CPU
		Release|Any CPU = Release|Any CPU
	EndGlobalSection
	GlobalSection(ProjectConfigurationPlatforms) = postSolution
		{269F0A40-E6C7-4FBC-84E8-9B47340D2A18}.Debug|Any CPU.ActiveCfg = Debug|Any CPU
		{269F0A40-E6C7-4FBC-84E8-9B47340D2A18}.Debug|Any CPU.Build.0 = Debug|Any CPU
		{269F0A40-E6C7-4FBC-84E8-9B47340D2A18}.Release|Any CPU.ActiveCfg = Release|Any CPU
		{269F0A40-E6C7-4FBC-84E8-9B47340D2A18}.Release|Any CPU.Build.0 = Release|Any CPU
		{BA55028A-7669-4F52-8BFC-064891AFE6E1}.Debug|Any CPU.ActiveCfg = Debug|Any CPU
		{BA55028A-7669-4F52-8BFC-064891AFE6E1}.Debug|Any CPU.Build.0 = Debug|Any CPU
		{BA55028A-7669-4F52-8BFC-064891AFE6E1}.Release|Any CPU.ActiveCfg = Release|Any CPU
		{BA55028A-7669-4F52-8BFC-064891AFE6E1}.Release|Any CPU.Build.0 = Release|Any CPU
	EndGlobalSection
	GlobalSection(SolutionProperties) = preSolution
		HideSolutionNode = FALSE
	EndGlobalSection
	GlobalSection(ExtensibilityGlobals) = postSolution
		SolutionGuid = {F0A6510C-5AA6-424E-96E7-6952025B67B8}
	EndGlobalSection
EndGlobal
